
Microsoft Visual Studio Solution File, Format Version 12.00
# Visual Studio Version 17
VisualStudioVersion = 17.1.32228.430
MinimumVisualStudioVersion = 10.0.40219.1
Project("{9A19103F-16F7-4668-BE54-9A1E7A4F7556}") = "XtremeWasmApp", "XtremeWasmApp\XtremeWasmApp.csproj", "{A6497C57-05B7-4CA9-B997-B6AAEE880E02}"
EndProject
Project("{9A19103F-16F7-4668-BE54-9A1E7A4F7556}") = "XtremeModels", "XtremeModels\XtremeModels.csproj", "{02C89E8B-9471-4976-9BF2-CF05EE730B38}"
EndProject
Global
	GlobalSection(SolutionConfigurationPlatforms) = preSolution
		Debug|Any CPU = Debug|Any CPU
		Release|Any CPU = Release|Any CPU
	EndGlobalSection
	GlobalSection(ProjectConfigurationPlatforms) = postSolution
		{A6497C57-05B7-4CA9-B997-B6AAEE880E02}.Debug|Any CPU.ActiveCfg = Debug|Any CPU
		{A6497C57-05B7-4CA9-B997-B6AAEE880E02}.Debug|Any CPU.Build.0 = Debug|Any CPU
		{A6497C57-05B7-4CA9-B997-B6AAEE880E02}.Release|Any CPU.ActiveCfg = Release|Any CPU
		{A6497C57-05B7-4CA9-B997-B6AAEE880E02}.Release|Any CPU.Build.0 = Release|Any CPU
		{02C89E8B-9471-4976-9BF2-CF05EE730B38}.Debug|Any CPU.ActiveCfg = Debug|Any CPU
		{02C89E8B-9471-4976-9BF2-CF05EE730B38}.Debug|Any CPU.Build.0 = Debug|Any CPU
		{02C89E8B-9471-4976-9BF2-CF05EE730B38}.Release|Any CPU.ActiveCfg = Release|Any CPU
		{02C89E8B-9471-4976-9BF2-CF05EE730B38}.Release|Any CPU.Build.0 = Release|Any CPU
	EndGlobalSection
	GlobalSection(SolutionProperties) = preSolution
		HideSolutionNode = FALSE
	EndGlobalSection
	GlobalSection(ExtensibilityGlobals) = postSolution
		SolutionGuid = {CB496017-09E6-41FC-9121-1C07BCD53083}
	EndGlobalSection
EndGlobal
